// !$*UTF8*$!
{
	archiveVersion = 1;
	classes = {
	};
	objectVersion = 46;
	objects = {

/* Begin PBXBuildFile section */
		AB7CEB9A1B757A99009492D8 /* main.m in Sources */ = {isa = PBXBuildFile; fileRef = AB7CEB991B757A99009492D8 /* main.m */; };
		AB7CEB9D1B757A99009492D8 /* AppDelegate.m in Sources */ = {isa = PBXBuildFile; fileRef = AB7CEB9C1B757A99009492D8 /* AppDelegate.m */; };
		AB7CEBA51B757A99009492D8 /* Assets.xcassets in Resources */ = {isa = PBXBuildFile; fileRef = AB7CEBA41B757A99009492D8 /* Assets.xcassets */; };
		AB7CEBA81B757A99009492D8 /* LaunchScreen.storyboard in Resources */ = {isa = PBXBuildFile; fileRef = AB7CEBA61B757A99009492D8 /* LaunchScreen.storyboard */; };
		AB7CEBB31B757A99009492D8 /* __Tests.m in Sources */ = {isa = PBXBuildFile; fileRef = AB7CEBB21B757A99009492D8 /* __Tests.m */; };
		AB7CEBBE1B757A99009492D8 /* __UITests.m in Sources */ = {isa = PBXBuildFile; fileRef = AB7CEBBD1B757A99009492D8 /* __UITests.m */; };
		AB7CEBD01B757E9D009492D8 /* LoginViewController.m in Sources */ = {isa = PBXBuildFile; fileRef = AB7CEBCF1B757E9D009492D8 /* LoginViewController.m */; };
		AB7CEBD31B758910009492D8 /* DetailStateViewController.m in Sources */ = {isa = PBXBuildFile; fileRef = AB7CEBD21B758910009492D8 /* DetailStateViewController.m */; };
		AB7CEBD81B7654E8009492D8 /* login.html in Resources */ = {isa = PBXBuildFile; fileRef = AB7CEBD71B7654E8009492D8 /* login.html */; };
		AB8D71521B7F2B7B005DE24E /* LocationClass.m in Sources */ = {isa = PBXBuildFile; fileRef = AB8D71511B7F2B7B005DE24E /* LocationClass.m */; };
		AB8D715C1B8035DA005DE24E /* FindUserOnline.m in Sources */ = {isa = PBXBuildFile; fileRef = AB8D715B1B8035DA005DE24E /* FindUserOnline.m */; };
		B43EB406A139F82B96B220EB /* libPods.a in Frameworks */ = {isa = PBXBuildFile; fileRef = C133DEF2A17F22174F2FC4FA /* libPods.a */; };
/* End PBXBuildFile section */

/* Begin PBXContainerItemProxy section */
		AB7CEBAF1B757A99009492D8 /* PBXContainerItemProxy */ = {
			isa = PBXContainerItemProxy;
			containerPortal = AB7CEB8D1B757A99009492D8 /* Project object */;
			proxyType = 1;
			remoteGlobalIDString = AB7CEB941B757A99009492D8;
			remoteInfo = "邮网";
		};
		AB7CEBBA1B757A99009492D8 /* PBXContainerItemProxy */ = {
			isa = PBXContainerItemProxy;
			containerPortal = AB7CEB8D1B757A99009492D8 /* Project object */;
			proxyType = 1;
			remoteGlobalIDString = AB7CEB941B757A99009492D8;
			remoteInfo = "邮网";
		};
/* End PBXContainerItemProxy section */

/* Begin PBXFileReference section */
		0DC9F52551561DEEDCE148A1 /* Pods.release.xcconfig */ = {isa = PBXFileReference; includeInIndex = 1; lastKnownFileType = text.xcconfig; name = Pods.release.xcconfig; path = "Pods/Target Support Files/Pods/Pods.release.xcconfig"; sourceTree = "<group>"; };
		5A880E4189C4C4439C603479 /* Pods.debug.xcconfig */ = {isa = PBXFileReference; includeInIndex = 1; lastKnownFileType = text.xcconfig; name = Pods.debug.xcconfig; path = "Pods/Target Support Files/Pods/Pods.debug.xcconfig"; sourceTree = "<group>"; };
		AB7CEB951B757A99009492D8 /* 邮网.app */ = {isa = PBXFileReference; explicitFileType = wrapper.application; includeInIndex = 0; path = "邮网.app"; sourceTree = BUILT_PRODUCTS_DIR; };
		AB7CEB991B757A99009492D8 /* main.m */ = {isa = PBXFileReference; lastKnownFileType = sourcecode.c.objc; path = main.m; sourceTree = "<group>"; };
		AB7CEB9B1B757A99009492D8 /* AppDelegate.h */ = {isa = PBXFileReference; lastKnownFileType = sourcecode.c.h; path = AppDelegate.h; sourceTree = "<group>"; };
		AB7CEB9C1B757A99009492D8 /* AppDelegate.m */ = {isa = PBXFileReference; lastKnownFileType = sourcecode.c.objc; path = AppDelegate.m; sourceTree = "<group>"; };
		AB7CEBA41B757A99009492D8 /* Assets.xcassets */ = {isa = PBXFileReference; lastKnownFileType = folder.assetcatalog; path = Assets.xcassets; sourceTree = "<group>"; };
		AB7CEBA71B757A99009492D8 /* Base */ = {isa = PBXFileReference; lastKnownFileType = file.storyboard; name = Base; path = Base.lproj/LaunchScreen.storyboard; sourceTree = "<group>"; };
		AB7CEBA91B757A99009492D8 /* Info.plist */ = {isa = PBXFileReference; lastKnownFileType = text.plist.xml; path = Info.plist; sourceTree = "<group>"; };
		AB7CEBAE1B757A99009492D8 /* 邮网Tests.xctest */ = {isa = PBXFileReference; explicitFileType = wrapper.cfbundle; includeInIndex = 0; path = "邮网Tests.xctest"; sourceTree = BUILT_PRODUCTS_DIR; };
		AB7CEBB21B757A99009492D8 /* __Tests.m */ = {isa = PBXFileReference; lastKnownFileType = sourcecode.c.objc; path = __Tests.m; sourceTree = "<group>"; };
		AB7CEBB41B757A99009492D8 /* Info.plist */ = {isa = PBXFileReference; lastKnownFileType = text.plist.xml; path = Info.plist; sourceTree = "<group>"; };
		AB7CEBB91B757A99009492D8 /* 邮网UITests.xctest */ = {isa = PBXFileReference; explicitFileType = wrapper.cfbundle; includeInIndex = 0; path = "邮网UITests.xctest"; sourceTree = BUILT_PRODUCTS_DIR; };
		AB7CEBBD1B757A99009492D8 /* __UITests.m */ = {isa = PBXFileReference; lastKnownFileType = sourcecode.c.objc; path = __UITests.m; sourceTree = "<group>"; };
		AB7CEBBF1B757A99009492D8 /* Info.plist */ = {isa = PBXFileReference; lastKnownFileType = text.plist.xml; path = Info.plist; sourceTree = "<group>"; };
		AB7CEBCE1B757E9D009492D8 /* LoginViewController.h */ = {isa = PBXFileReference; fileEncoding = 4; lastKnownFileType = sourcecode.c.h; name = LoginViewController.h; path = ../LoginViewController.h; sourceTree = "<group>"; };
		AB7CEBCF1B757E9D009492D8 /* LoginViewController.m */ = {isa = PBXFileReference; fileEncoding = 4; lastKnownFileType = sourcecode.c.objc; name = LoginViewController.m; path = ../LoginViewController.m; sourceTree = "<group>"; };
		AB7CEBD11B758910009492D8 /* DetailStateViewController.h */ = {isa = PBXFileReference; fileEncoding = 4; lastKnownFileType = sourcecode.c.h; path = DetailStateViewController.h; sourceTree = "<group>"; };
		AB7CEBD21B758910009492D8 /* DetailStateViewController.m */ = {isa = PBXFileReference; fileEncoding = 4; lastKnownFileType = sourcecode.c.objc; path = DetailStateViewController.m; sourceTree = "<group>"; };
		AB7CEBD71B7654E8009492D8 /* login.html */ = {isa = PBXFileReference; fileEncoding = 4; lastKnownFileType = text.html; path = login.html; sourceTree = "<group>"; };
		AB8D71501B7F2B7B005DE24E /* LocationClass.h */ = {isa = PBXFileReference; fileEncoding = 4; lastKnownFileType = sourcecode.c.h; path = LocationClass.h; sourceTree = "<group>"; };
		AB8D71511B7F2B7B005DE24E /* LocationClass.m */ = {isa = PBXFileReference; fileEncoding = 4; lastKnownFileType = sourcecode.c.objc; path = LocationClass.m; sourceTree = "<group>"; };
		AB8D715A1B8035DA005DE24E /* FindUserOnline.h */ = {isa = PBXFileReference; fileEncoding = 4; lastKnownFileType = sourcecode.c.h; path = FindUserOnline.h; sourceTree = "<group>"; };
		AB8D715B1B8035DA005DE24E /* FindUserOnline.m */ = {isa = PBXFileReference; fileEncoding = 4; lastKnownFileType = sourcecode.c.objc; path = FindUserOnline.m; sourceTree = "<group>"; };
		C133DEF2A17F22174F2FC4FA /* libPods.a */ = {isa = PBXFileReference; explicitFileType = archive.ar; includeInIndex = 0; path = libPods.a; sourceTree = BUILT_PRODUCTS_DIR; };
/* End PBXFileReference section */

/* Begin PBXFrameworksBuildPhase section */
		AB7CEB921B757A99009492D8 /* Frameworks */ = {
			isa = PBXFrameworksBuildPhase;
			buildActionMask = 2147483647;
			files = (
				B43EB406A139F82B96B220EB /* libPods.a in Frameworks */,
			);
			runOnlyForDeploymentPostprocessing = 0;
		};
		AB7CEBAB1B757A99009492D8 /* Frameworks */ = {
			isa = PBXFrameworksBuildPhase;
			buildActionMask = 2147483647;
			files = (
			);
			runOnlyForDeploymentPostprocessing = 0;
		};
		AB7CEBB61B757A99009492D8 /* Frameworks */ = {
			isa = PBXFrameworksBuildPhase;
			buildActionMask = 2147483647;
			files = (
			);
			runOnlyForDeploymentPostprocessing = 0;
		};
/* End PBXFrameworksBuildPhase section */

/* Begin PBXGroup section */
		44636208D22F64981B6D2276 /* Frameworks */ = {
			isa = PBXGroup;
			children = (
				C133DEF2A17F22174F2FC4FA /* libPods.a */,
			);
			name = Frameworks;
			sourceTree = "<group>";
		};
		A6C6ABA91D5A4E09CD31BA2D /* Pods */ = {
			isa = PBXGroup;
			children = (
				5A880E4189C4C4439C603479 /* Pods.debug.xcconfig */,
				0DC9F52551561DEEDCE148A1 /* Pods.release.xcconfig */,
			);
			name = Pods;
			sourceTree = "<group>";
		};
		AB7CEB8C1B757A99009492D8 = {
			isa = PBXGroup;
			children = (
				AB7CEB971B757A99009492D8 /* 邮网 */,
				AB7CEBB11B757A99009492D8 /* 邮网Tests */,
				AB7CEBBC1B757A99009492D8 /* 邮网UITests */,
				AB7CEB961B757A99009492D8 /* Products */,
				A6C6ABA91D5A4E09CD31BA2D /* Pods */,
				44636208D22F64981B6D2276 /* Frameworks */,
			);
			sourceTree = "<group>";
		};
		AB7CEB961B757A99009492D8 /* Products */ = {
			isa = PBXGroup;
			children = (
				AB7CEB951B757A99009492D8 /* 邮网.app */,
				AB7CEBAE1B757A99009492D8 /* 邮网Tests.xctest */,
				AB7CEBB91B757A99009492D8 /* 邮网UITests.xctest */,
			);
			name = Products;
			sourceTree = "<group>";
		};
		AB7CEB971B757A99009492D8 /* 邮网 */ = {
			isa = PBXGroup;
			children = (
				AB8D71531B7F59F8005DE24E /* base */,
				AB8D714F1B7F2B4A005DE24E /* resource */,
				AB7CEBD71B7654E8009492D8 /* login.html */,
				AB7CEB9B1B757A99009492D8 /* AppDelegate.h */,
				AB7CEB9C1B757A99009492D8 /* AppDelegate.m */,
				AB7CEBCE1B757E9D009492D8 /* LoginViewController.h */,
				AB7CEBCF1B757E9D009492D8 /* LoginViewController.m */,
				AB8D715A1B8035DA005DE24E /* FindUserOnline.h */,
				AB8D715B1B8035DA005DE24E /* FindUserOnline.m */,
				AB7CEBD11B758910009492D8 /* DetailStateViewController.h */,
				AB7CEBD21B758910009492D8 /* DetailStateViewController.m */,
				AB7CEBA41B757A99009492D8 /* Assets.xcassets */,
				AB7CEBA61B757A99009492D8 /* LaunchScreen.storyboard */,
				AB7CEBA91B757A99009492D8 /* Info.plist */,
				AB7CEB981B757A99009492D8 /* Supporting Files */,
			);
			path = "邮网";
			sourceTree = "<group>";
		};
		AB7CEB981B757A99009492D8 /* Supporting Files */ = {
			isa = PBXGroup;
			children = (
				AB7CEB991B757A99009492D8 /* main.m */,
			);
			name = "Supporting Files";
			sourceTree = "<group>";
		};
		AB7CEBB11B757A99009492D8 /* 邮网Tests */ = {
			isa = PBXGroup;
			children = (
				AB7CEBB21B757A99009492D8 /* __Tests.m */,
				AB7CEBB41B757A99009492D8 /* Info.plist */,
			);
			path = "邮网Tests";
			sourceTree = "<group>";
		};
		AB7CEBBC1B757A99009492D8 /* 邮网UITests */ = {
			isa = PBXGroup;
			children = (
				AB7CEBBD1B757A99009492D8 /* __UITests.m */,
				AB7CEBBF1B757A99009492D8 /* Info.plist */,
			);
			path = "邮网UITests";
			sourceTree = "<group>";
		};
		AB8D714F1B7F2B4A005DE24E /* resource */ = {
			isa = PBXGroup;
			children = (
				AB8D71501B7F2B7B005DE24E /* LocationClass.h */,
				AB8D71511B7F2B7B005DE24E /* LocationClass.m */,
			);
			name = resource;
			sourceTree = "<group>";
		};
		AB8D71531B7F59F8005DE24E /* base */ = {
			isa = PBXGroup;
			children = (
			);
			name = base;
			sourceTree = "<group>";
		};
/* End PBXGroup section */

/* Begin PBXNativeTarget section */
		AB7CEB941B757A99009492D8 /* 邮网 */ = {
			isa = PBXNativeTarget;
			buildConfigurationList = AB7CEBC21B757A99009492D8 /* Build configuration list for PBXNativeTarget "邮网" */;
			buildPhases = (
				6AF7757500872BFB273B3DFA /* Check Pods Manifest.lock */,
				AB7CEB911B757A99009492D8 /* Sources */,
				AB7CEB921B757A99009492D8 /* Frameworks */,
				AB7CEB931B757A99009492D8 /* Resources */,
				45AE7E5C0EE38FD6E3DC4B9C /* Copy Pods Resources */,
			);
			buildRules = (
			);
			dependencies = (
			);
			name = "邮网";
			productName = "邮网";
			productReference = AB7CEB951B757A99009492D8 /* 邮网.app */;
			productType = "com.apple.product-type.application";
		};
		AB7CEBAD1B757A99009492D8 /* 邮网Tests */ = {
			isa = PBXNativeTarget;
			buildConfigurationList = AB7CEBC51B757A99009492D8 /* Build configuration list for PBXNativeTarget "邮网Tests" */;
			buildPhases = (
				AB7CEBAA1B757A99009492D8 /* Sources */,
				AB7CEBAB1B757A99009492D8 /* Frameworks */,
				AB7CEBAC1B757A99009492D8 /* Resources */,
			);
			buildRules = (
			);
			dependencies = (
				AB7CEBB01B757A99009492D8 /* PBXTargetDependency */,
			);
			name = "邮网Tests";
			productName = "邮网Tests";
			productReference = AB7CEBAE1B757A99009492D8 /* 邮网Tests.xctest */;
			productType = "com.apple.product-type.bundle.unit-test";
		};
		AB7CEBB81B757A99009492D8 /* 邮网UITests */ = {
			isa = PBXNativeTarget;
			buildConfigurationList = AB7CEBC81B757A99009492D8 /* Build configuration list for PBXNativeTarget "邮网UITests" */;
			buildPhases = (
				AB7CEBB51B757A99009492D8 /* Sources */,
				AB7CEBB61B757A99009492D8 /* Frameworks */,
				AB7CEBB71B757A99009492D8 /* Resources */,
			);
			buildRules = (
			);
			dependencies = (
				AB7CEBBB1B757A99009492D8 /* PBXTargetDependency */,
			);
			name = "邮网UITests";
			productName = "邮网UITests";
			productReference = AB7CEBB91B757A99009492D8 /* 邮网UITests.xctest */;
			productType = "com.apple.product-type.bundle.ui-testing";
		};
/* End PBXNativeTarget section */

/* Begin PBXProject section */
		AB7CEB8D1B757A99009492D8 /* Project object */ = {
			isa = PBXProject;
			attributes = {
				LastUpgradeCheck = 0700;
				ORGANIZATIONNAME = lgy;
				TargetAttributes = {
					AB7CEB941B757A99009492D8 = {
						CreatedOnToolsVersion = 7.0;
					};
					AB7CEBAD1B757A99009492D8 = {
						CreatedOnToolsVersion = 7.0;
						TestTargetID = AB7CEB941B757A99009492D8;
					};
					AB7CEBB81B757A99009492D8 = {
						CreatedOnToolsVersion = 7.0;
						TestTargetID = AB7CEB941B757A99009492D8;
					};
				};
			};
			buildConfigurationList = AB7CEB901B757A99009492D8 /* Build configuration list for PBXProject "邮网" */;
			compatibilityVersion = "Xcode 3.2";
			developmentRegion = English;
			hasScannedForEncodings = 0;
			knownRegions = (
				en,
				Base,
			);
			mainGroup = AB7CEB8C1B757A99009492D8;
			productRefGroup = AB7CEB961B757A99009492D8 /* Products */;
			projectDirPath = "";
			projectRoot = "";
			targets = (
				AB7CEB941B757A99009492D8 /* 邮网 */,
				AB7CEBAD1B757A99009492D8 /* 邮网Tests */,
				AB7CEBB81B757A99009492D8 /* 邮网UITests */,
			);
		};
/* End PBXProject section */

/* Begin PBXResourcesBuildPhase section */
		AB7CEB931B757A99009492D8 /* Resources */ = {
			isa = PBXResourcesBuildPhase;
			buildActionMask = 2147483647;
			files = (
				AB7CEBA81B757A99009492D8 /* LaunchScreen.storyboard in Resources */,
				AB7CEBA51B757A99009492D8 /* Assets.xcassets in Resources */,
				AB7CEBD81B7654E8009492D8 /* login.html in Resources */,
			);
			runOnlyForDeploymentPostprocessing = 0;
		};
		AB7CEBAC1B757A99009492D8 /* Resources */ = {
			isa = PBXResourcesBuildPhase;
			buildActionMask = 2147483647;
			files = (
			);
			runOnlyForDeploymentPostprocessing = 0;
		};
		AB7CEBB71B757A99009492D8 /* Resources */ = {
			isa = PBXResourcesBuildPhase;
			buildActionMask = 2147483647;
			files = (
			);
			runOnlyForDeploymentPostprocessing = 0;
		};
/* End PBXResourcesBuildPhase section */

/* Begin PBXShellScriptBuildPhase section */
		45AE7E5C0EE38FD6E3DC4B9C /* Copy Pods Resources */ = {
			isa = PBXShellScriptBuildPhase;
			buildActionMask = 2147483647;
			files = (
			);
			inputPaths = (
			);
			name = "Copy Pods Resources";
			outputPaths = (
			);
			runOnlyForDeploymentPostprocessing = 0;
			shellPath = /bin/sh;
			shellScript = "\"${SRCROOT}/Pods/Target Support Files/Pods/Pods-resources.sh\"\n";
			showEnvVarsInLog = 0;
		};
		6AF7757500872BFB273B3DFA /* Check Pods Manifest.lock */ = {
			isa = PBXShellScriptBuildPhase;
			buildActionMask = 2147483647;
			files = (
			);
			inputPaths = (
			);
			name = "Check Pods Manifest.lock";
			outputPaths = (
			);
			runOnlyForDeploymentPostprocessing = 0;
			shellPath = /bin/sh;
			shellScript = "diff \"${PODS_ROOT}/../Podfile.lock\" \"${PODS_ROOT}/Manifest.lock\" > /dev/null\nif [[ $? != 0 ]] ; then\n    cat << EOM\nerror: The sandbox is not in sync with the Podfile.lock. Run 'pod install' or update your CocoaPods installation.\nEOM\n    exit 1\nfi\n";
			showEnvVarsInLog = 0;
		};
/* End PBXShellScriptBuildPhase section */

/* Begin PBXSourcesBuildPhase section */
		AB7CEB911B757A99009492D8 /* Sources */ = {
			isa = PBXSourcesBuildPhase;
			buildActionMask = 2147483647;
			files = (
				AB8D71521B7F2B7B005DE24E /* LocationClass.m in Sources */,
				AB7CEB9D1B757A99009492D8 /* AppDelegate.m in Sources */,
				AB7CEBD31B758910009492D8 /* DetailStateViewController.m in Sources */,
				AB7CEB9A1B757A99009492D8 /* main.m in Sources */,
				AB8D715C1B8035DA005DE24E /* FindUserOnline.m in Sources */,
				AB7CEBD01B757E9D009492D8 /* LoginViewController.m in Sources */,
			);
			runOnlyForDeploymentPostprocessing = 0;
		};
		AB7CEBAA1B757A99009492D8 /* Sources */ = {
			isa = PBXSourcesBuildPhase;
			buildActionMask = 2147483647;
			files = (
				AB7CEBB31B757A99009492D8 /* __Tests.m in Sources */,
			);
			runOnlyForDeploymentPostprocessing = 0;
		};
		AB7CEBB51B757A99009492D8 /* Sources */ = {
			isa = PBXSourcesBuildPhase;
			buildActionMask = 2147483647;
			files = (
				AB7CEBBE1B757A99009492D8 /* __UITests.m in Sources */,
			);
			runOnlyForDeploymentPostprocessing = 0;
		};
/* End PBXSourcesBuildPhase section */

/* Begin PBXTargetDependency section */
		AB7CEBB01B757A99009492D8 /* PBXTargetDependency */ = {
			isa = PBXTargetDependency;
			target = AB7CEB941B757A99009492D8 /* 邮网 */;
			targetProxy = AB7CEBAF1B757A99009492D8 /* PBXContainerItemProxy */;
		};
		AB7CEBBB1B757A99009492D8 /* PBXTargetDependency */ = {
			isa = PBXTargetDependency;
			target = AB7CEB941B757A99009492D8 /* 邮网 */;
			targetProxy = AB7CEBBA1B757A99009492D8 /* PBXContainerItemProxy */;
		};
/* End PBXTargetDependency section */

/* Begin PBXVariantGroup section */
		AB7CEBA61B757A99009492D8 /* LaunchScreen.storyboard */ = {
			isa = PBXVariantGroup;
			children = (
				AB7CEBA71B757A99009492D8 /* Base */,
			);
			name = LaunchScreen.storyboard;
			sourceTree = "<group>";
		};
/* End PBXVariantGroup section */

/* Begin XCBuildConfiguration section */
		AB7CEBC01B757A99009492D8 /* Debug */ = {
			isa = XCBuildConfiguration;
			buildSettings = {
				ALWAYS_SEARCH_USER_PATHS = NO;
				CLANG_CXX_LANGUAGE_STANDARD = "gnu++0x";
				CLANG_CXX_LIBRARY = "libc++";
				CLANG_ENABLE_MODULES = YES;
				CLANG_ENABLE_OBJC_ARC = YES;
				CLANG_WARN_BOOL_CONVERSION = YES;
				CLANG_WARN_CONSTANT_CONVERSION = YES;
				CLANG_WARN_DIRECT_OBJC_ISA_USAGE = YES_ERROR;
				CLANG_WARN_EMPTY_BODY = YES;
				CLANG_WARN_ENUM_CONVERSION = YES;
				CLANG_WARN_INT_CONVERSION = YES;
				CLANG_WARN_OBJC_ROOT_CLASS = YES_ERROR;
				CLANG_WARN_UNREACHABLE_CODE = YES;
				CLANG_WARN__DUPLICATE_METHOD_MATCH = YES;
				"CODE_SIGN_IDENTITY[sdk=iphoneos*]" = "iPhone Developer";
				COPY_PHASE_STRIP = NO;
				DEBUG_INFORMATION_FORMAT = dwarf;
				ENABLE_STRICT_OBJC_MSGSEND = YES;
				ENABLE_TESTABILITY = YES;
				GCC_C_LANGUAGE_STANDARD = gnu99;
				GCC_DYNAMIC_NO_PIC = NO;
				GCC_NO_COMMON_BLOCKS = YES;
				GCC_OPTIMIZATION_LEVEL = 0;
				GCC_PREPROCESSOR_DEFINITIONS = (
					"DEBUG=1",
					"$(inherited)",
				);
				GCC_WARN_64_TO_32_BIT_CONVERSION = YES;
				GCC_WARN_ABOUT_RETURN_TYPE = YES_ERROR;
				GCC_WARN_UNDECLARED_SELECTOR = YES;
				GCC_WARN_UNINITIALIZED_AUTOS = YES_AGGRESSIVE;
				GCC_WARN_UNUSED_FUNCTION = YES;
				GCC_WARN_UNUSED_VARIABLE = YES;
				IPHONEOS_DEPLOYMENT_TARGET = 8.4;
				MTL_ENABLE_DEBUG_INFO = YES;
				ONLY_ACTIVE_ARCH = YES;
				SDKROOT = iphoneos;
				TARGETED_DEVICE_FAMILY = "1,2";
			};
			name = Debug;
		};
		AB7CEBC11B757A99009492D8 /* Release */ = {
			isa = XCBuildConfiguration;
			buildSettings = {
				ALWAYS_SEARCH_USER_PATHS = NO;
				CLANG_CXX_LANGUAGE_STANDARD = "gnu++0x";
				CLANG_CXX_LIBRARY = "libc++";
				CLANG_ENABLE_MODULES = YES;
				CLANG_ENABLE_OBJC_ARC = YES;
				CLANG_WARN_BOOL_CONVERSION = YES;
				CLANG_WARN_CONSTANT_CONVERSION = YES;
				CLANG_WARN_DIRECT_OBJC_ISA_USAGE = YES_ERROR;
				CLANG_WARN_EMPTY_BODY = YES;
				CLANG_WARN_ENUM_CONVERSION = YES;
				CLANG_WARN_INT_CONVERSION = YES;
				CLANG_WARN_OBJC_ROOT_CLASS = YES_ERROR;
				CLANG_WARN_UNREACHABLE_CODE = YES;
				CLANG_WARN__DUPLICATE_METHOD_MATCH = YES;
				"CODE_SIGN_IDENTITY[sdk=iphoneos*]" = "iPhone Developer";
				COPY_PHASE_STRIP = NO;
				DEBUG_INFORMATION_FORMAT = "dwarf-with-dsym";
				ENABLE_NS_ASSERTIONS = NO;
				ENABLE_STRICT_OBJC_MSGSEND = YES;
				GCC_C_LANGUAGE_STANDARD = gnu99;
				GCC_NO_COMMON_BLOCKS = YES;
				GCC_WARN_64_TO_32_BIT_CONVERSION = YES;
				GCC_WARN_ABOUT_RETURN_TYPE = YES_ERROR;
				GCC_WARN_UNDECLARED_SELECTOR = YES;
				GCC_WARN_UNINITIALIZED_AUTOS = YES_AGGRESSIVE;
				GCC_WARN_UNUSED_FUNCTION = YES;
				GCC_WARN_UNUSED_VARIABLE = YES;
				IPHONEOS_DEPLOYMENT_TARGET = 8.4;
				MTL_ENABLE_DEBUG_INFO = NO;
				SDKROOT = iphoneos;
				TARGETED_DEVICE_FAMILY = "1,2";
				VALIDATE_PRODUCT = YES;
			};
			name = Release;
		};
		AB7CEBC31B757A99009492D8 /* Debug */ = {
			isa = XCBuildConfiguration;
			baseConfigurationReference = 5A880E4189C4C4439C603479 /* Pods.debug.xcconfig */;
			buildSettings = {
				ASSETCATALOG_COMPILER_APPICON_NAME = AppIcon;
				CODE_SIGN_IDENTITY = "iPhone Developer";
				INFOPLIST_FILE = "邮网/Info.plist";
				IPHONEOS_DEPLOYMENT_TARGET = 8.4;
				LD_RUNPATH_SEARCH_PATHS = "$(inherited) @executable_path/Frameworks";
				PRODUCT_BUNDLE_IDENTIFIER = "lgy.--";
				PRODUCT_NAME = "$(TARGET_NAME)";
			};
			name = Debug;
		};
		AB7CEBC41B757A99009492D8 /* Release */ = {
			isa = XCBuildConfiguration;
			baseConfigurationReference = 0DC9F52551561DEEDCE148A1 /* Pods.release.xcconfig */;
			buildSettings = {
				ASSETCATALOG_COMPILER_APPICON_NAME = AppIcon;
				CODE_SIGN_IDENTITY = "iPhone Developer";
				INFOPLIST_FILE = "邮网/Info.plist";
				IPHONEOS_DEPLOYMENT_TARGET = 8.4;
				LD_RUNPATH_SEARCH_PATHS = "$(inherited) @executable_path/Frameworks";
				PRODUCT_BUNDLE_IDENTIFIER = "lgy.--";
				PRODUCT_NAME = "$(TARGET_NAME)";
			};
			name = Release;
		};
		AB7CEBC61B757A99009492D8 /* Debug */ = {
			isa = XCBuildConfiguration;
			buildSettings = {
				BUNDLE_LOADER = "$(TEST_HOST)";
				INFOPLIST_FILE = "邮网Tests/Info.plist";
				LD_RUNPATH_SEARCH_PATHS = "$(inherited) @executable_path/Frameworks @loader_path/Frameworks";
				PRODUCT_BUNDLE_IDENTIFIER = "lgy.--Tests";
				PRODUCT_NAME = "$(TARGET_NAME)";
				TEST_HOST = "$(BUILT_PRODUCTS_DIR)/邮网.app/邮网";
			};
			name = Debug;
		};
		AB7CEBC71B757A99009492D8 /* Release */ = {
			isa = XCBuildConfiguration;
			buildSettings = {
				BUNDLE_LOADER = "$(TEST_HOST)";
				INFOPLIST_FILE = "邮网Tests/Info.plist";
				LD_RUNPATH_SEARCH_PATHS = "$(inherited) @executable_path/Frameworks @loader_path/Frameworks";
				PRODUCT_BUNDLE_IDENTIFIER = "lgy.--Tests";
				PRODUCT_NAME = "$(TARGET_NAME)";
				TEST_HOST = "$(BUILT_PRODUCTS_DIR)/邮网.app/邮网";
			};
			name = Release;
		};
		AB7CEBC91B757A99009492D8 /* Debug */ = {
			isa = XCBuildConfiguration;
			buildSettings = {
				INFOPLIST_FILE = "邮网UITests/Info.plist";
				LD_RUNPATH_SEARCH_PATHS = "$(inherited) @executable_path/Frameworks @loader_path/Frameworks";
				PRODUCT_BUNDLE_IDENTIFIER = "lgy.--UITests";
				PRODUCT_NAME = "$(TARGET_NAME)";
				TEST_TARGET_NAME = "邮网";
				USES_XCTRUNNER = YES;
			};
			name = Debug;
		};
		AB7CEBCA1B757A99009492D8 /* Release */ = {
			isa = XCBuildConfiguration;
			buildSettings = {
				INFOPLIST_FILE = "邮网UITests/Info.plist";
				LD_RUNPATH_SEARCH_PATHS = "$(inherited) @executable_path/Frameworks @loader_path/Frameworks";
				PRODUCT_BUNDLE_IDENTIFIER = "lgy.--UITests";
				PRODUCT_NAME = "$(TARGET_NAME)";
				TEST_TARGET_NAME = "邮网";
				USES_XCTRUNNER = YES;
			};
			name = Release;
		};
/* End XCBuildConfiguration section */

/* Begin XCConfigurationList section */
		AB7CEB901B757A99009492D8 /* Build configuration list for PBXProject "邮网" */ = {
			isa = XCConfigurationList;
			buildConfigurations = (
				AB7CEBC01B757A99009492D8 /* Debug */,
				AB7CEBC11B757A99009492D8 /* Release */,
			);
			defaultConfigurationIsVisible = 0;
			defaultConfigurationName = Release;
		};
		AB7CEBC21B757A99009492D8 /* Build configuration list for PBXNativeTarget "邮网" */ = {
			isa = XCConfigurationList;
			buildConfigurations = (
				AB7CEBC31B757A99009492D8 /* Debug */,
				AB7CEBC41B757A99009492D8 /* Release */,
			);
			defaultConfigurationIsVisible = 0;
			defaultConfigurationName = Release;
		};
		AB7CEBC51B757A99009492D8 /* Build configuration list for PBXNativeTarget "邮网Tests" */ = {
			isa = XCConfigurationList;
			buildConfigurations = (
				AB7CEBC61B757A99009492D8 /* Debug */,
				AB7CEBC71B757A99009492D8 /* Release */,
			);
			defaultConfigurationIsVisible = 0;
			defaultConfigurationName = Release;
		};
		AB7CEBC81B757A99009492D8 /* Build configuration list for PBXNativeTarget "邮网UITests" */ = {
			isa = XCConfigurationList;
			buildConfigurations = (
				AB7CEBC91B757A99009492D8 /* Debug */,
				AB7CEBCA1B757A99009492D8 /* Release */,
			);
			defaultConfigurationIsVisible = 0;
			defaultConfigurationName = Release;
		};
/* End XCConfigurationList section */
	};
	rootObject = AB7CEB8D1B757A99009492D8 /* Project object */;
}
